
Microsoft Visual Studio Solution File, Format Version 12.00
# Visual Studio Version 16
VisualStudioVersion = 25.0.1705.0
MinimumVisualStudioVersion = 10.0.40219.1
Project("{FAE04EC0-301F-11D3-BF4B-00C04F79EFBC}") = "Physics Engine 2D", "Physics Engine Prototype\Physics Engine 2D.csproj", "{438526AA-7FE3-43A7-9BB0-12C596BDD5BA}"
EndProject
Global
	GlobalSection(SolutionConfigurationPlatforms) = preSolution
		Debug|Any CPU = Debug|Any CPU
		Release|Any CPU = Release|Any CPU
	EndGlobalSection
	GlobalSection(ProjectConfigurationPlatforms) = postSolution
		{438526AA-7FE3-43A7-9BB0-12C596BDD5BA}.Debug|Any CPU.ActiveCfg = Debug|Any CPU
		{438526AA-7FE3-43A7-9BB0-12C596BDD5BA}.Debug|Any CPU.Build.0 = Debug|Any CPU
		{438526AA-7FE3-43A7-9BB0-12C596BDD5BA}.Release|Any CPU.ActiveCfg = Release|Any CPU
		{438526AA-7FE3-43A7-9BB0-12C596BDD5BA}.Release|Any CPU.Build.0 = Release|Any CPU
	EndGlobalSection
	GlobalSection(SolutionProperties) = preSolution
		HideSolutionNode = FALSE
	EndGlobalSection
	GlobalSection(ExtensibilityGlobals) = postSolution
		SolutionGuid = {222EBE7B-A6A7-47E6-9DF3-4D00A3CD2B5F}
	EndGlobalSection
EndGlobal
